
Microsoft Visual Studio Solution File, Format Version 12.00
# Visual Studio Version 17
VisualStudioVersion = 17.11.35222.181
MinimumVisualStudioVersion = 10.0.40219.1
Project("{9A19103F-16F7-4668-BE54-9A1E7A4F7556}") = "EventManagementSystem.Core", "Repositories\EventManagementSystem.Core.csproj", "{C1820AFC-0A43-4FC5-AD88-44264E646760}"
EndProject
Project("{9A19103F-16F7-4668-BE54-9A1E7A4F7556}") = "EventManagementSystem.Infrastructure", "EventManagementSystem.Infrastructure\EventManagementSystem.Infrastructure.csproj", "{E5793430-493B-425E-84B3-C1740EC8D99E}"
EndProject
Project("{FAE04EC0-301F-11D3-BF4B-00C04F79EFBC}") = "EventManagementSystem.API", "EventManagementSystem.API\EventManagementSystem.API.csproj", "{544209C4-26FB-4867-8BF5-06EC116F3C54}"
EndProject
Global
	GlobalSection(SolutionConfigurationPlatforms) = preSolution
		Debug|Any CPU = Debug|Any CPU
		Release|Any CPU = Release|Any CPU
	EndGlobalSection
	GlobalSection(ProjectConfigurationPlatforms) = postSolution
		{C1820AFC-0A43-4FC5-AD88-44264E646760}.Debug|Any CPU.ActiveCfg = Debug|Any CPU
		{C1820AFC-0A43-4FC5-AD88-44264E646760}.Debug|Any CPU.Build.0 = Debug|Any CPU
		{C1820AFC-0A43-4FC5-AD88-44264E646760}.Release|Any CPU.ActiveCfg = Release|Any CPU
		{C1820AFC-0A43-4FC5-AD88-44264E646760}.Release|Any CPU.Build.0 = Release|Any CPU
		{E5793430-493B-425E-84B3-C1740EC8D99E}.Debug|Any CPU.ActiveCfg = Debug|Any CPU
		{E5793430-493B-425E-84B3-C1740EC8D99E}.Debug|Any CPU.Build.0 = Debug|Any CPU
		{E5793430-493B-425E-84B3-C1740EC8D99E}.Release|Any CPU.ActiveCfg = Release|Any CPU
		{E5793430-493B-425E-84B3-C1740EC8D99E}.Release|Any CPU.Build.0 = Release|Any CPU
		{544209C4-26FB-4867-8BF5-06EC116F3C54}.Debug|Any CPU.ActiveCfg = Debug|Any CPU
		{544209C4-26FB-4867-8BF5-06EC116F3C54}.Debug|Any CPU.Build.0 = Debug|Any CPU
		{544209C4-26FB-4867-8BF5-06EC116F3C54}.Release|Any CPU.ActiveCfg = Release|Any CPU
		{544209C4-26FB-4867-8BF5-06EC116F3C54}.Release|Any CPU.Build.0 = Release|Any CPU
	EndGlobalSection
	GlobalSection(SolutionProperties) = preSolution
		HideSolutionNode = FALSE
	EndGlobalSection
	GlobalSection(ExtensibilityGlobals) = postSolution
		SolutionGuid = {A2CC9D0E-7A72-4F7D-8994-500B530B20A5}
	EndGlobalSection
EndGlobal
